
Microsoft Visual Studio Solution File, Format Version 12.00
# Visual Studio Version 16
VisualStudioVersion = 16.0.32228.343
MinimumVisualStudioVersion = 10.0.40219.1
Project("{FAE04EC0-301F-11D3-BF4B-00C04F79EFBC}") = "Sparky", "Sparky\Sparky.csproj", "{6E474E35-9CBA-4161-8AAF-369052BC43AD}"
EndProject
Project("{FAE04EC0-301F-11D3-BF4B-00C04F79EFBC}") = "SparkyMSTest", "SparkyMSTest\SparkyMSTest.csproj", "{72F01675-C511-4D37-916A-A670EE35B6F3}"
EndProject
Project("{FAE04EC0-301F-11D3-BF4B-00C04F79EFBC}") = "SparkyNUnitTest", "SparkyNUnitTest\SparkyNUnitTest.csproj", "{E3AC669E-0EF7-4F86-A2B9-A7AEE4847E41}"
EndProject
Global
	GlobalSection(SolutionConfigurationPlatforms) = preSolution
		Debug|Any CPU = Debug|Any CPU
		Release|Any CPU = Release|Any CPU
	EndGlobalSection
	GlobalSection(ProjectConfigurationPlatforms) = postSolution
		{6E474E35-9CBA-4161-8AAF-369052BC43AD}.Debug|Any CPU.ActiveCfg = Debug|Any CPU
		{6E474E35-9CBA-4161-8AAF-369052BC43AD}.Debug|Any CPU.Build.0 = Debug|Any CPU
		{6E474E35-9CBA-4161-8AAF-369052BC43AD}.Release|Any CPU.ActiveCfg = Release|Any CPU
		{6E474E35-9CBA-4161-8AAF-369052BC43AD}.Release|Any CPU.Build.0 = Release|Any CPU
		{72F01675-C511-4D37-916A-A670EE35B6F3}.Debug|Any CPU.ActiveCfg = Debug|Any CPU
		{72F01675-C511-4D37-916A-A670EE35B6F3}.Debug|Any CPU.Build.0 = Debug|Any CPU
		{72F01675-C511-4D37-916A-A670EE35B6F3}.Release|Any CPU.ActiveCfg = Release|Any CPU
		{72F01675-C511-4D37-916A-A670EE35B6F3}.Release|Any CPU.Build.0 = Release|Any CPU
		{E3AC669E-0EF7-4F86-A2B9-A7AEE4847E41}.Debug|Any CPU.ActiveCfg = Debug|Any CPU
		{E3AC669E-0EF7-4F86-A2B9-A7AEE4847E41}.Debug|Any CPU.Build.0 = Debug|Any CPU
		{E3AC669E-0EF7-4F86-A2B9-A7AEE4847E41}.Release|Any CPU.ActiveCfg = Release|Any CPU
		{E3AC669E-0EF7-4F86-A2B9-A7AEE4847E41}.Release|Any CPU.Build.0 = Release|Any CPU
	EndGlobalSection
	GlobalSection(SolutionProperties) = preSolution
		HideSolutionNode = FALSE
	EndGlobalSection
	GlobalSection(ExtensibilityGlobals) = postSolution
		SolutionGuid = {60745662-EB89-4656-953F-E34991A271E6}
	EndGlobalSection
EndGlobal
